version: 6
environments:
  default:
    channels:
    - url: https://conda.anaconda.org/conda-forge/
    - url: https://conda.anaconda.org/bioconda/
    packages:
      linux-64:
      - conda: https://conda.anaconda.org/conda-forge/linux-64/_libgcc_mutex-0.1-conda_forge.tar.bz2
      - conda: https://conda.anaconda.org/conda-forge/linux-64/_openmp_mutex-4.5-2_gnu.tar.bz2
      - conda: https://conda.anaconda.org/bioconda/linux-64/art-2016.06.05-h0704011_13.tar.bz2
      - conda: https://conda.anaconda.org/bioconda/linux-64/bedtools-2.31.1-h13024bc_3.tar.bz2
      - conda: https://conda.anaconda.org/conda-forge/linux-64/bzip2-1.0.8-h4bc722e_7.conda
      - conda: https://conda.anaconda.org/conda-forge/linux-64/c-ares-1.34.5-hb9d3cd8_0.conda
      - conda: https://conda.anaconda.org/conda-forge/noarch/ca-certificates-2025.4.26-hbd8a1cb_0.conda
      - conda: https://conda.anaconda.org/conda-forge/linux-64/gsl-2.7-he838d99_0.tar.bz2
      - conda: https://conda.anaconda.org/conda-forge/linux-64/gzip-1.14-hb9d3cd8_0.conda
      - conda: https://conda.anaconda.org/bioconda/linux-64/htslib-1.21-h566b1c6_1.tar.bz2
      - conda: https://conda.anaconda.org/conda-forge/linux-64/keyutils-1.6.1-h166bdaf_0.tar.bz2
      - conda: https://conda.anaconda.org/conda-forge/linux-64/krb5-1.21.3-h659f571_0.conda
      - conda: https://conda.anaconda.org/conda-forge/linux-64/libblas-3.9.0-31_h59b9bed_openblas.conda
      - conda: https://conda.anaconda.org/conda-forge/linux-64/libcblas-3.9.0-31_he106b2a_openblas.conda
      - conda: https://conda.anaconda.org/conda-forge/linux-64/libcurl-8.13.0-h332b0f4_0.conda
      - conda: https://conda.anaconda.org/conda-forge/linux-64/libdeflate-1.23-h86f0d12_0.conda
      - conda: https://conda.anaconda.org/conda-forge/linux-64/libedit-3.1.20250104-pl5321h7949ede_0.conda
      - conda: https://conda.anaconda.org/conda-forge/linux-64/libev-4.33-hd590300_2.conda
      - conda: https://conda.anaconda.org/conda-forge/linux-64/libgcc-15.1.0-h767d61c_2.conda
      - conda: https://conda.anaconda.org/conda-forge/linux-64/libgcc-ng-15.1.0-h69a702a_2.conda
      - conda: https://conda.anaconda.org/conda-forge/linux-64/libgfortran-15.1.0-h69a702a_2.conda
      - conda: https://conda.anaconda.org/conda-forge/linux-64/libgfortran5-15.1.0-hcea5267_2.conda
      - conda: https://conda.anaconda.org/conda-forge/linux-64/libgomp-15.1.0-h767d61c_2.conda
      - conda: https://conda.anaconda.org/conda-forge/linux-64/liblzma-5.8.1-hb9d3cd8_1.conda
      - conda: https://conda.anaconda.org/conda-forge/linux-64/libnghttp2-1.64.0-h161d5f1_0.conda
      - conda: https://conda.anaconda.org/conda-forge/linux-64/libopenblas-0.3.29-pthreads_h94d23a6_0.conda
      - conda: https://conda.anaconda.org/conda-forge/linux-64/libssh2-1.11.1-hcf80075_0.conda
      - conda: https://conda.anaconda.org/conda-forge/linux-64/libstdcxx-15.1.0-h8f9b012_2.conda
      - conda: https://conda.anaconda.org/conda-forge/linux-64/libstdcxx-ng-15.1.0-h4852527_2.conda
      - conda: https://conda.anaconda.org/conda-forge/linux-64/libxcrypt-4.4.36-hd590300_1.conda
      - conda: https://conda.anaconda.org/conda-forge/linux-64/libzlib-1.3.1-hb9d3cd8_2.conda
      - conda: https://conda.anaconda.org/conda-forge/linux-64/ncurses-6.5-h2d0b736_3.conda
      - conda: https://conda.anaconda.org/conda-forge/linux-64/openssl-3.5.0-h7b32b05_1.conda
      - conda: https://conda.anaconda.org/bioconda/linux-64/pbccs-6.4.0-h9ee0642_0.tar.bz2
      - conda: https://conda.anaconda.org/bioconda/linux-64/pbsim3-3.0.5-h9948957_1.tar.bz2
      - conda: https://conda.anaconda.org/conda-forge/linux-64/perl-5.32.1-7_hd590300_perl5.conda
      - conda: https://conda.anaconda.org/conda-forge/noarch/perl-carp-1.50-pl5321hd8ed1ab_0.tar.bz2
      - conda: https://conda.anaconda.org/conda-forge/noarch/perl-exporter-5.74-pl5321hd8ed1ab_0.tar.bz2
      - conda: https://conda.anaconda.org/conda-forge/noarch/perl-extutils-makemaker-7.70-pl5321hd8ed1ab_0.conda
      - conda: https://conda.anaconda.org/bioconda/noarch/perl-getopt-long-2.58-pl5321hdfd78af_0.tar.bz2
      - conda: https://conda.anaconda.org/bioconda/noarch/perl-pod-escapes-1.07-pl5321hdfd78af_2.tar.bz2
      - conda: https://conda.anaconda.org/bioconda/noarch/perl-pod-usage-2.05-pl5321hdfd78af_0.tar.bz2
      - conda: https://conda.anaconda.org/conda-forge/noarch/perl-test-1.26-pl5321hd8ed1ab_0.tar.bz2
      - conda: https://conda.anaconda.org/conda-forge/noarch/perl-test-harness-3.44-pl5321hd8ed1ab_0.tar.bz2
      - conda: https://conda.anaconda.org/bioconda/linux-64/samtools-1.21-h96c455f_1.tar.bz2
      - conda: https://conda.anaconda.org/bioconda/noarch/simug-1.0.1-hdfd78af_0.tar.bz2
      - conda: https://conda.anaconda.org/conda-forge/linux-64/zstd-1.5.7-hb8e6e7a_2.conda
packages:
- conda: https://conda.anaconda.org/conda-forge/linux-64/_libgcc_mutex-0.1-conda_forge.tar.bz2
  sha256: fe51de6107f9edc7aa4f786a70f4a883943bc9d39b3bb7307c04c41410990726
  md5: d7c89558ba9fa0495403155b64376d81
  license: None
  size: 2562
  timestamp: 1578324546067
- conda: https://conda.anaconda.org/conda-forge/linux-64/_openmp_mutex-4.5-2_gnu.tar.bz2
  build_number: 16
  sha256: fbe2c5e56a653bebb982eda4876a9178aedfc2b545f25d0ce9c4c0b508253d22
  md5: 73aaf86a425cc6e73fcf236a5a46396d
  depends:
  - _libgcc_mutex 0.1 conda_forge
  - libgomp >=7.5.0
  constrains:
  - openmp_impl 9999
  license: BSD-3-Clause
  license_family: BSD
  size: 23621
  timestamp: 1650670423406
- conda: https://conda.anaconda.org/bioconda/linux-64/art-2016.06.05-h0704011_13.tar.bz2
  sha256: 7e2fe371b582fe0d17d130afb5477671e609628e2b928328d07e3318958fe3ba
  md5: 67de07d89518c31987d46e8ae6295663
  depends:
  - gsl >=2.7,<2.8.0a0
  - libcblas >=3.9.0,<4.0a0
  - libgcc >=13
  - libstdcxx >=13
  license: GPL-3.0-only
  license_family: GPL3
  size: 1854410
  timestamp: 1734082969992
- conda: https://conda.anaconda.org/bioconda/linux-64/bedtools-2.31.1-h13024bc_3.tar.bz2
  sha256: d8b7aef31be37da761a87e1263ea00d62b67134b546f018067786aa6d3dccfac
  md5: 99c4e90e82db906439e00beafb343d16
  depends:
  - bzip2 >=1.0.8,<2.0a0
  - libgcc >=13
  - liblzma >=5.6.3,<6.0a0
  - libstdcxx >=13
  - libzlib >=1.3.1,<2.0a0
  license: MIT
  size: 1607626
  timestamp: 1733852519791
- conda: https://conda.anaconda.org/conda-forge/linux-64/bzip2-1.0.8-h4bc722e_7.conda
  sha256: 5ced96500d945fb286c9c838e54fa759aa04a7129c59800f0846b4335cee770d
  md5: 62ee74e96c5ebb0af99386de58cf9553
  depends:
  - __glibc >=2.17,<3.0.a0
  - libgcc-ng >=12
  license: bzip2-1.0.6
  license_family: BSD
  size: 252783
  timestamp: 1720974456583
- conda: https://conda.anaconda.org/conda-forge/linux-64/c-ares-1.34.5-hb9d3cd8_0.conda
  sha256: f8003bef369f57396593ccd03d08a8e21966157269426f71e943f96e4b579aeb
  md5: f7f0d6cc2dc986d42ac2689ec88192be
  depends:
  - __glibc >=2.17,<3.0.a0
  - libgcc >=13
  license: MIT
  license_family: MIT
  size: 206884
  timestamp: 1744127994291
- conda: https://conda.anaconda.org/conda-forge/noarch/ca-certificates-2025.4.26-hbd8a1cb_0.conda
  sha256: 2a70ed95ace8a3f8a29e6cd1476a943df294a7111dfb3e152e3478c4c889b7ac
  md5: 95db94f75ba080a22eb623590993167b
  depends:
  - __unix
  license: ISC
  size: 152283
  timestamp: 1745653616541
- conda: https://conda.anaconda.org/conda-forge/linux-64/gsl-2.7-he838d99_0.tar.bz2
  sha256: 132a918b676dd1f533d7c6f95e567abf7081a6ea3251c3280de35ef600e0da87
  md5: fec079ba39c9cca093bf4c00001825de
  depends:
  - libblas >=3.8.0,<4.0a0
  - libcblas >=3.8.0,<4.0a0
  - libgcc-ng >=9.3.0
  license: GPL-3.0-or-later
  license_family: GPL
  size: 3376423
  timestamp: 1626369596591
- conda: https://conda.anaconda.org/conda-forge/linux-64/gzip-1.14-hb9d3cd8_0.conda
  sha256: 7f0a85e34c384216448b468ac3af2b3b02b609b488f2ba079ca8443db83c2b22
  md5: 84fa0d10c305971e39f516ca8354a9cd
  depends:
  - __glibc >=2.17,<3.0.a0
  - libgcc >=13
  license: GPL-3.0-or-later
  license_family: GPL
  size: 124254
  timestamp: 1744281694433
- conda: https://conda.anaconda.org/bioconda/linux-64/htslib-1.21-h566b1c6_1.tar.bz2
  sha256: a2dbd0241e770b168026ed303520eaa6f9f99a4b25cc1fb8a5ec9d8fca10975b
  md5: 944598fba531a668e8fafea92ca39bb4
  depends:
  - bzip2 >=1.0.8,<2.0a0
  - libcurl >=8.11.1,<9.0a0
  - libdeflate >=1.22,<1.24.0a0
  - libgcc >=13
  - liblzma >=5.6.3,<6.0a0
  - libzlib >=1.3.1,<2.0a0
  - openssl >=3.4.0,<4.0a0
  license: MIT
  license_family: MIT
  size: 3181630
  timestamp: 1734145218913
- conda: https://conda.anaconda.org/conda-forge/linux-64/keyutils-1.6.1-h166bdaf_0.tar.bz2
  sha256: 150c05a6e538610ca7c43beb3a40d65c90537497a4f6a5f4d15ec0451b6f5ebb
  md5: 30186d27e2c9fa62b45fb1476b7200e3
  depends:
  - libgcc-ng >=10.3.0
  license: LGPL-2.1-or-later
  size: 117831
  timestamp: 1646151697040
- conda: https://conda.anaconda.org/conda-forge/linux-64/krb5-1.21.3-h659f571_0.conda
  sha256: 99df692f7a8a5c27cd14b5fb1374ee55e756631b9c3d659ed3ee60830249b238
  md5: 3f43953b7d3fb3aaa1d0d0723d91e368
  depends:
  - keyutils >=1.6.1,<2.0a0
  - libedit >=3.1.20191231,<3.2.0a0
  - libedit >=3.1.20191231,<4.0a0
  - libgcc-ng >=12
  - libstdcxx-ng >=12
  - openssl >=3.3.1,<4.0a0
  license: MIT
  license_family: MIT
  size: 1370023
  timestamp: 1719463201255
- conda: https://conda.anaconda.org/conda-forge/linux-64/libblas-3.9.0-31_h59b9bed_openblas.conda
  build_number: 31
  sha256: 9839fc4ac0cbb0aa3b9eea520adfb57311838959222654804e58f6f2d1771db5
  md5: 728dbebd0f7a20337218beacffd37916
  depends:
  - libopenblas >=0.3.29,<0.3.30.0a0
  - libopenblas >=0.3.29,<1.0a0
  constrains:
  - liblapacke =3.9.0=31*_openblas
  - liblapack =3.9.0=31*_openblas
  - blas =2.131=openblas
  - mkl <2025
  - libcblas =3.9.0=31*_openblas
  license: BSD-3-Clause
  license_family: BSD
  size: 16859
  timestamp: 1740087969120
- conda: https://conda.anaconda.org/conda-forge/linux-64/libcblas-3.9.0-31_he106b2a_openblas.conda
  build_number: 31
  sha256: ede8545011f5b208b151fe3e883eb4e31d495ab925ab7b9ce394edca846e0c0d
  md5: abb32c727da370c481a1c206f5159ce9
  depends:
  - libblas 3.9.0 31_h59b9bed_openblas
  constrains:
  - liblapacke =3.9.0=31*_openblas
  - liblapack =3.9.0=31*_openblas
  - blas =2.131=openblas
  license: BSD-3-Clause
  license_family: BSD
  size: 16796
  timestamp: 1740087984429
- conda: https://conda.anaconda.org/conda-forge/linux-64/libcurl-8.13.0-h332b0f4_0.conda
  sha256: 38e528acfaa0276b7052f4de44271ff9293fdb84579650601a8c49dac171482a
  md5: cbdc92ac0d93fe3c796e36ad65c7905c
  depends:
  - __glibc >=2.17,<3.0.a0
  - krb5 >=1.21.3,<1.22.0a0
  - libgcc >=13
  - libnghttp2 >=1.64.0,<2.0a0
  - libssh2 >=1.11.1,<2.0a0
  - libzlib >=1.3.1,<2.0a0
  - openssl >=3.4.1,<4.0a0
  - zstd >=1.5.7,<1.6.0a0
  license: curl
  license_family: MIT
  size: 438088
  timestamp: 1743601695669
- conda: https://conda.anaconda.org/conda-forge/linux-64/libdeflate-1.23-h86f0d12_0.conda
  sha256: 4db2f70a1441317d964e84c268e388110ad9cf75ca98994d1336d670e62e6f07
  md5: 27fe770decaf469a53f3e3a6d593067f
  depends:
  - __glibc >=2.17,<3.0.a0
  - libgcc >=13
  license: MIT
  license_family: MIT
  size: 72783
  timestamp: 1745260463421
- conda: https://conda.anaconda.org/conda-forge/linux-64/libedit-3.1.20250104-pl5321h7949ede_0.conda
  sha256: d789471216e7aba3c184cd054ed61ce3f6dac6f87a50ec69291b9297f8c18724
  md5: c277e0a4d549b03ac1e9d6cbbe3d017b
  depends:
  - ncurses
  - __glibc >=2.17,<3.0.a0
  - libgcc >=13
  - ncurses >=6.5,<7.0a0
  license: BSD-2-Clause
  license_family: BSD
  size: 134676
  timestamp: 1738479519902
- conda: https://conda.anaconda.org/conda-forge/linux-64/libev-4.33-hd590300_2.conda
  sha256: 1cd6048169fa0395af74ed5d8f1716e22c19a81a8a36f934c110ca3ad4dd27b4
  md5: 172bf1cd1ff8629f2b1179945ed45055
  depends:
  - libgcc-ng >=12
  license: BSD-2-Clause
  license_family: BSD
  size: 112766
  timestamp: 1702146165126
- conda: https://conda.anaconda.org/conda-forge/linux-64/libgcc-15.1.0-h767d61c_2.conda
  sha256: 0024f9ab34c09629621aefd8603ef77bf9d708129b0dd79029e502c39ffc2195
  md5: ea8ac52380885ed41c1baa8f1d6d2b93
  depends:
  - __glibc >=2.17,<3.0.a0
  - _openmp_mutex >=4.5
  constrains:
  - libgcc-ng ==15.1.0=*_2
  - libgomp 15.1.0 h767d61c_2
  license: GPL-3.0-only WITH GCC-exception-3.1
  license_family: GPL
  size: 829108
  timestamp: 1746642191935
- conda: https://conda.anaconda.org/conda-forge/linux-64/libgcc-ng-15.1.0-h69a702a_2.conda
  sha256: 0ab5421a89f090f3aa33841036bb3af4ed85e1f91315b528a9d75fab9aad51ae
  md5: ddca86c7040dd0e73b2b69bd7833d225
  depends:
  - libgcc 15.1.0 h767d61c_2
  license: GPL-3.0-only WITH GCC-exception-3.1
  license_family: GPL
  size: 34586
  timestamp: 1746642200749
- conda: https://conda.anaconda.org/conda-forge/linux-64/libgfortran-15.1.0-h69a702a_2.conda
  sha256: 914daa4f632b786827ea71b5e07cd00d25fc6e67789db2f830dc481eec660342
  md5: f92e6e0a3c0c0c85561ef61aa59d555d
  depends:
  - libgfortran5 15.1.0 hcea5267_2
  constrains:
  - libgfortran-ng ==15.1.0=*_2
  license: GPL-3.0-only WITH GCC-exception-3.1
  license_family: GPL
  size: 34541
  timestamp: 1746642233221
- conda: https://conda.anaconda.org/conda-forge/linux-64/libgfortran5-15.1.0-hcea5267_2.conda
  sha256: be23750f3ca1a5cb3ada858c4f633effe777487d1ea35fddca04c0965c073350
  md5: 01de444988ed960031dbe84cf4f9b1fc
  depends:
  - __glibc >=2.17,<3.0.a0
  - libgcc >=15.1.0
  constrains:
  - libgfortran 15.1.0
  license: GPL-3.0-only WITH GCC-exception-3.1
  license_family: GPL
  size: 1569986
  timestamp: 1746642212331
- conda: https://conda.anaconda.org/conda-forge/linux-64/libgomp-15.1.0-h767d61c_2.conda
  sha256: 05fff3dc7e80579bc28de13b511baec281c4343d703c406aefd54389959154fb
  md5: fbe7d535ff9d3a168c148e07358cd5b1
  depends:
  - __glibc >=2.17,<3.0.a0
  license: GPL-3.0-only WITH GCC-exception-3.1
  license_family: GPL
  size: 452635
  timestamp: 1746642113092
- conda: https://conda.anaconda.org/conda-forge/linux-64/liblzma-5.8.1-hb9d3cd8_1.conda
  sha256: eeff241bddc8f1b87567dd6507c9f441f7f472c27f0860a07628260c000ef27c
  md5: a76fd702c93cd2dfd89eff30a5fd45a8
  depends:
  - __glibc >=2.17,<3.0.a0
  - libgcc >=13
  constrains:
  - xz 5.8.1.*
  - xz ==5.8.1=*_1
  license: 0BSD
  size: 112845
  timestamp: 1746531470399
- conda: https://conda.anaconda.org/conda-forge/linux-64/libnghttp2-1.64.0-h161d5f1_0.conda
  sha256: b0f2b3695b13a989f75d8fd7f4778e1c7aabe3b36db83f0fe80b2cd812c0e975
  md5: 19e57602824042dfd0446292ef90488b
  depends:
  - __glibc >=2.17,<3.0.a0
  - c-ares >=1.32.3,<2.0a0
  - libev >=4.33,<4.34.0a0
  - libev >=4.33,<5.0a0
  - libgcc >=13
  - libstdcxx >=13
  - libzlib >=1.3.1,<2.0a0
  - openssl >=3.3.2,<4.0a0
  license: MIT
  license_family: MIT
  size: 647599
  timestamp: 1729571887612
- conda: https://conda.anaconda.org/conda-forge/linux-64/libopenblas-0.3.29-pthreads_h94d23a6_0.conda
  sha256: cc5389ea254f111ef17a53df75e8e5209ef2ea6117e3f8aced88b5a8e51f11c4
  md5: 0a4d0252248ef9a0f88f2ba8b8a08e12
  depends:
  - __glibc >=2.17,<3.0.a0
  - libgcc >=14
  - libgfortran
  - libgfortran5 >=14.2.0
  constrains:
  - openblas >=0.3.29,<0.3.30.0a0
  license: BSD-3-Clause
  license_family: BSD
  size: 5919288
  timestamp: 1739825731827
- conda: https://conda.anaconda.org/conda-forge/linux-64/libssh2-1.11.1-hcf80075_0.conda
  sha256: fa39bfd69228a13e553bd24601332b7cfeb30ca11a3ca50bb028108fe90a7661
  md5: eecce068c7e4eddeb169591baac20ac4
  depends:
  - __glibc >=2.17,<3.0.a0
  - libgcc >=13
  - libzlib >=1.3.1,<2.0a0
  - openssl >=3.5.0,<4.0a0
  license: BSD-3-Clause
  license_family: BSD
  size: 304790
  timestamp: 1745608545575
- conda: https://conda.anaconda.org/conda-forge/linux-64/libstdcxx-15.1.0-h8f9b012_2.conda
  sha256: 6ae3d153e78f6069d503d9309f2cac6de5b93d067fc6433160a4c05226a5dad4
  md5: 1cb1c67961f6dd257eae9e9691b341aa
  depends:
  - __glibc >=2.17,<3.0.a0
  - libgcc 15.1.0 h767d61c_2
  license: GPL-3.0-only WITH GCC-exception-3.1
  license_family: GPL
  size: 3902355
  timestamp: 1746642227493
- conda: https://conda.anaconda.org/conda-forge/linux-64/libstdcxx-ng-15.1.0-h4852527_2.conda
  sha256: 11bea86e11de7d6bce87589197a383344df3fa0a3552dab7e931785ff1159a5b
  md5: 9d2072af184b5caa29492bf2344597bb
  depends:
  - libstdcxx 15.1.0 h8f9b012_2
  license: GPL-3.0-only WITH GCC-exception-3.1
  license_family: GPL
  size: 34647
  timestamp: 1746642266826
- conda: https://conda.anaconda.org/conda-forge/linux-64/libxcrypt-4.4.36-hd590300_1.conda
  sha256: 6ae68e0b86423ef188196fff6207ed0c8195dd84273cb5623b85aa08033a410c
  md5: 5aa797f8787fe7a17d1b0821485b5adc
  depends:
  - libgcc-ng >=12
  license: LGPL-2.1-or-later
  size: 100393
  timestamp: 1702724383534
- conda: https://conda.anaconda.org/conda-forge/linux-64/libzlib-1.3.1-hb9d3cd8_2.conda
  sha256: d4bfe88d7cb447768e31650f06257995601f89076080e76df55e3112d4e47dc4
  md5: edb0dca6bc32e4f4789199455a1dbeb8
  depends:
  - __glibc >=2.17,<3.0.a0
  - libgcc >=13
  constrains:
  - zlib 1.3.1 *_2
  license: Zlib
  license_family: Other
  size: 60963
  timestamp: 1727963148474
- conda: https://conda.anaconda.org/conda-forge/linux-64/ncurses-6.5-h2d0b736_3.conda
  sha256: 3fde293232fa3fca98635e1167de6b7c7fda83caf24b9d6c91ec9eefb4f4d586
  md5: 47e340acb35de30501a76c7c799c41d7
  depends:
  - __glibc >=2.17,<3.0.a0
  - libgcc >=13
  license: X11 AND BSD-3-Clause
  size: 891641
  timestamp: 1738195959188
- conda: https://conda.anaconda.org/conda-forge/linux-64/openssl-3.5.0-h7b32b05_1.conda
  sha256: b4491077c494dbf0b5eaa6d87738c22f2154e9277e5293175ec187634bd808a0
  md5: de356753cfdbffcde5bb1e86e3aa6cd0
  depends:
  - __glibc >=2.17,<3.0.a0
  - ca-certificates
  - libgcc >=13
  license: Apache-2.0
  license_family: Apache
  size: 3117410
  timestamp: 1746223723843
- conda: https://conda.anaconda.org/bioconda/linux-64/pbccs-6.4.0-h9ee0642_0.tar.bz2
  sha256: 8a291fc4313e575aa5e6a8eab5699abfbf61f8b97757aa662e54a35700199934
  md5: cc6fd59a5aedeefc5e6cd8af7594559b
  license: BSD-3-Clause-Clear
  size: 3700091
  timestamp: 1650354317627
- conda: https://conda.anaconda.org/bioconda/linux-64/pbsim3-3.0.5-h9948957_1.tar.bz2
  sha256: 7494f41c4ff9adace4fde58e5b1dd4afb2ee235f4ab4356ad9fbc39031282158
  md5: 345e9f4ee5c57580a8701b5a9b459ca0
  depends:
  - libgcc >=13
  - libstdcxx >=13
  license: GPL-2.0-only
  size: 534600
  timestamp: 1739372853411
- conda: https://conda.anaconda.org/conda-forge/linux-64/perl-5.32.1-7_hd590300_perl5.conda
  build_number: 7
  sha256: 9ec32b6936b0e37bcb0ed34f22ec3116e75b3c0964f9f50ecea5f58734ed6ce9
  md5: f2cfec9406850991f4e3d960cc9e3321
  depends:
  - libgcc-ng >=12
  - libxcrypt >=4.4.36
  license: GPL-1.0-or-later OR Artistic-1.0-Perl
  size: 13344463
  timestamp: 1703310653947
- conda: https://conda.anaconda.org/conda-forge/noarch/perl-carp-1.50-pl5321hd8ed1ab_0.tar.bz2
  sha256: 1981e31113e1e77a2cdc13db657c636f047cd3be2a64d9a0bffac03c5427c1bd
  md5: bdddc03e28019b902da71b722f2288d7
  depends:
  - perl >=5.32.1,<6.0a0 *_perl5
  - perl-exporter
  - perl-extutils-makemaker
  license: GPL-1.0-or-later OR Artistic-1.0-Perl
  license_family: OTHER
  size: 22257
  timestamp: 1636653208008
- conda: https://conda.anaconda.org/conda-forge/noarch/perl-exporter-5.74-pl5321hd8ed1ab_0.tar.bz2
  sha256: 42271d0b79043a10a89044acb5febea50046b745dd2fc37e02943bc3bc75bf8e
  md5: fd2eac4e35f8c970870a3961c1df3e29
  depends:
  - perl >=5.32.1,<6.0a0 *_perl5
  license: GPL-1.0-or-later OR Artistic-1.0-Perl
  license_family: OTHER
  size: 19071
  timestamp: 1636696009075
- conda: https://conda.anaconda.org/conda-forge/noarch/perl-extutils-makemaker-7.70-pl5321hd8ed1ab_0.conda
  sha256: 1d3f342ca74cf2948c3edcfe0d3367b1db0fc64bb163393a2e025336dec3a40c
  md5: ec3e57ed34f7765bfc7054a05868ce5d
  depends:
  - perl >=5.32.1,<6.0a0 *_perl5
  license: GPL-1.0-or-later OR Artistic-1.0-Perl
  license_family: OTHER
  size: 157323
  timestamp: 1679847836884
- conda: https://conda.anaconda.org/bioconda/noarch/perl-getopt-long-2.58-pl5321hdfd78af_0.tar.bz2
  sha256: 94c17b270316f9b38cf1afa0b1724cdb6bd8349207568dccc1156b9014708c7d
  md5: 10469a3defbd6dbab17d3d10dd6fd828
  depends:
  - perl >=5.32.1,<6.0a0 *_perl5
  license: unknown
  size: 33785
  timestamp: 1718113256479
- conda: https://conda.anaconda.org/bioconda/noarch/perl-pod-escapes-1.07-pl5321hdfd78af_2.tar.bz2
  sha256: 25fd9d46366b92235ed322c4249de45f4717a113b4f4ab4cfd99df9b6f6a26ae
  md5: 74a0d5297d6771288ffd05bd596244bb
  depends:
  - perl >=5.32.1,<6.0a0 *_perl5
  - perl-exporter
  license: perl_5
  size: 13176
  timestamp: 1642555463858
- conda: https://conda.anaconda.org/bioconda/noarch/perl-pod-usage-2.05-pl5321hdfd78af_0.tar.bz2
  sha256: 2cc910e0d65cb688883967bafa368059b274d3267dee63c308bb44a65fbffd15
  md5: a402402b231695a65821a7c22a362038
  depends:
  - perl >=5.32.1,<6.0a0 *_perl5
  - perl-carp
  - perl-getopt-long
  - perl-pod-escapes
  - perl-test
  license: perl_5
  size: 17794
  timestamp: 1743801832799
- conda: https://conda.anaconda.org/conda-forge/noarch/perl-test-1.26-pl5321hd8ed1ab_0.tar.bz2
  sha256: ced265ecd48900684dc1d20a984ba23eb6421bd222b1a739b233969082dd8aa4
  md5: 11946fb70c47fa38dd202d6ebf6cec64
  depends:
  - perl >=5.32.1,<6.0a0 *_perl5
  - perl-test-harness
  license: GPL-1.0-or-later OR Artistic-1.0-Perl
  license_family: OTHER
  size: 23668
  timestamp: 1663068585146
- conda: https://conda.anaconda.org/conda-forge/noarch/perl-test-harness-3.44-pl5321hd8ed1ab_0.tar.bz2
  sha256: 99781cbca18a12e23f85428079fc2056a7feef148a4f3a35ecf3c5e56cd45aba
  md5: 8a4acd1dda1520b3f7903dbe1ccb376a
  depends:
  - perl >=5.32.1,<6.0a0 *_perl5
  license: GPL-1.0-or-later OR Artistic-1.0-Perl
  license_family: OTHER
  size: 91677
  timestamp: 1662399713253
- conda: https://conda.anaconda.org/bioconda/linux-64/samtools-1.21-h96c455f_1.tar.bz2
  sha256: 2a22cd528c5f8448398a6ca77154bed39081cee521f95ac704af4df64114304f
  md5: 0ff9d5d48561198378ad3cb34ce830bf
  depends:
  - htslib >=1.21,<1.22.0a0
  - libgcc >=13
  - libzlib >=1.3.1,<2.0a0
  - ncurses >=6.5,<7.0a0
  license: MIT
  size: 487188
  timestamp: 1734249911773
- conda: https://conda.anaconda.org/bioconda/noarch/simug-1.0.1-hdfd78af_0.tar.bz2
  sha256: fae1533ff4e309619a502790251c34ecca9ce8deab3a1c6d8136165170fd6339
  md5: 83bb3eacbc2eafe1f6ab2bd4132ff7b1
  depends:
  - gzip
  - perl
  - perl-getopt-long
  - perl-pod-usage
  license: MIT
  license_family: MIT
  size: 33246
  timestamp: 1732210546962
- conda: https://conda.anaconda.org/conda-forge/linux-64/zstd-1.5.7-hb8e6e7a_2.conda
  sha256: a4166e3d8ff4e35932510aaff7aa90772f84b4d07e9f6f83c614cba7ceefe0eb
  md5: 6432cb5d4ac0046c3ac0a8a0f95842f9
  depends:
  - __glibc >=2.17,<3.0.a0
  - libgcc >=13
  - libstdcxx >=13
  - libzlib >=1.3.1,<2.0a0
  license: BSD-3-Clause
  license_family: BSD
  size: 567578
  timestamp: 1742433379869
